Microsoft Visual Studio Solution File, Format Version 12.00
# Visual Studio Version 17
VisualStudioVersion = 17.5.2.0
MinimumVisualStudioVersion = 10.0.40219.1
Project("{FAE04EC0-301F-11D3-BF4B-00C04F79EFBC}") = "MagicVillaAPI", "MagicVillaAPI.csproj", "{95BBF4D2-414A-127D-090B-15F8D4EB12E8}"
EndProject
Global
	GlobalSection(SolutionConfigurationPlatforms) = preSolution
		Debug|Any CPU = Debug|Any CPU
		Release|Any CPU = Release|Any CPU
	EndGlobalSection
	GlobalSection(ProjectConfigurationPlatforms) = postSolution
		{95BBF4D2-414A-127D-090B-15F8D4EB12E8}.Debug|Any CPU.ActiveCfg = Debug|Any CPU
		{95BBF4D2-414A-127D-090B-15F8D4EB12E8}.Debug|Any CPU.Build.0 = Debug|Any CPU
		{95BBF4D2-414A-127D-090B-15F8D4EB12E8}.Release|Any CPU.ActiveCfg = Release|Any CPU
		{95BBF4D2-414A-127D-090B-15F8D4EB12E8}.Release|Any CPU.Build.0 = Release|Any CPU
	EndGlobalSection
	GlobalSection(SolutionProperties) = preSolution
		HideSolutionNode = FALSE
	EndGlobalSection
	GlobalSection(ExtensibilityGlobals) = postSolution
		SolutionGuid = {6B688702-0FE7-49E2-A4F8-5C1C8ED499ED}
	EndGlobalSection
EndGlobal
